
Microsoft Visual Studio Solution File, Format Version 12.00
# Visual Studio Version 17
VisualStudioVersion = 17.3.32901.215
MinimumVisualStudioVersion = 10.0.40219.1
Project("{FAE04EC0-301F-11D3-BF4B-00C04F79EFBC}") = "LearnSchool", "LearnSchool\LearnSchool.csproj", "{71B9009F-A2F9-45E5-A1D9-857A3F3A3F32}"
EndProject
Global
	GlobalSection(SolutionConfigurationPlatforms) = preSolution
		Debug|Any CPU = Debug|Any CPU
		Release|Any CPU = Release|Any CPU
	EndGlobalSection
	GlobalSection(ProjectConfigurationPlatforms) = postSolution
		{71B9009F-A2F9-45E5-A1D9-857A3F3A3F32}.Debug|Any CPU.ActiveCfg = Debug|Any CPU
		{71B9009F-A2F9-45E5-A1D9-857A3F3A3F32}.Debug|Any CPU.Build.0 = Debug|Any CPU
		{71B9009F-A2F9-45E5-A1D9-857A3F3A3F32}.Release|Any CPU.ActiveCfg = Release|Any CPU
		{71B9009F-A2F9-45E5-A1D9-857A3F3A3F32}.Release|Any CPU.Build.0 = Release|Any CPU
	EndGlobalSection
	GlobalSection(SolutionProperties) = preSolution
		HideSolutionNode = FALSE
	EndGlobalSection
	GlobalSection(ExtensibilityGlobals) = postSolution
		SolutionGuid = {61D97256-74B1-457F-975C-2B1479F64365}
	EndGlobalSection
EndGlobal
